// !$*UTF8*$!
{
	archiveVersion = 1;
	classes = {
	};
	objectVersion = 46;
	objects = {

/* Begin PBXBuildFile section */
		3B887D5314CF3CA300BF377F /* UIKit.framework in Frameworks */ = {isa = PBXBuildFile; fileRef = 3B887D5214CF3CA300BF377F /* UIKit.framework */; };
		3B887D5514CF3CA300BF377F /* Foundation.framework in Frameworks */ = {isa = PBXBuildFile; fileRef = 3B887D5414CF3CA300BF377F /* Foundation.framework */; };
		3B887D5714CF3CA300BF377F /* CoreGraphics.framework in Frameworks */ = {isa = PBXBuildFile; fileRef = 3B887D5614CF3CA300BF377F /* CoreGraphics.framework */; };
		3B887D5D14CF3CA300BF377F /* InfoPlist.strings in Resources */ = {isa = PBXBuildFile; fileRef = 3B887D5B14CF3CA300BF377F /* InfoPlist.strings */; };
		3B887D5F14CF3CA300BF377F /* main.m in Sources */ = {isa = PBXBuildFile; fileRef = 3B887D5E14CF3CA300BF377F /* main.m */; };
		3B887D6314CF3CA300BF377F /* AppDelegate.m in Sources */ = {isa = PBXBuildFile; fileRef = 3B887D6214CF3CA300BF377F /* AppDelegate.m */; };
		3B887D6614CF3CA300BF377F /* ViewController.m in Sources */ = {isa = PBXBuildFile; fileRef = 3B887D6514CF3CA300BF377F /* ViewController.m */; };
		3B887D6914CF3CA300BF377F /* ViewController_iPhone.xib in Resources */ = {isa = PBXBuildFile; fileRef = 3B887D6714CF3CA300BF377F /* ViewController_iPhone.xib */; };
		3B887D6C14CF3CA300BF377F /* ViewController_iPad.xib in Resources */ = {isa = PBXBuildFile; fileRef = 3B887D6A14CF3CA300BF377F /* ViewController_iPad.xib */; };
/* End PBXBuildFile section */

/* Begin PBXFileReference section */
		3B887D4E14CF3CA300BF377F /* 50 Most Popular Tourist Attractions.app */ = {isa = PBXFileReference; explicitFileType = wrapper.application; includeInIndex = 0; path = "50 Most Popular Tourist Attractions.app"; sourceTree = BUILT_PRODUCTS_DIR; };
		3B887D5214CF3CA300BF377F /* UIKit.framework */ = {isa = PBXFileReference; lastKnownFileType = wrapper.framework; name = UIKit.framework; path = System/Library/Frameworks/UIKit.framework; sourceTree = SDKROOT; };
		3B887D5414CF3CA300BF377F /* Foundation.framework */ = {isa = PBXFileReference; lastKnownFileType = wrapper.framework; name = Foundation.framework; path = System/Library/Frameworks/Foundation.framework; sourceTree = SDKROOT; };
		3B887D5614CF3CA300BF377F /* CoreGraphics.framework */ = {isa = PBXFileReference; lastKnownFileType = wrapper.framework; name = CoreGraphics.framework; path = System/Library/Frameworks/CoreGraphics.framework; sourceTree = SDKROOT; };
		3B887D5A14CF3CA300BF377F /* 50 Most Popular Tourist Attractions-Info.plist */ = {isa = PBXFileReference; path = "50 Most Popular Tourist Attractions-Info.plist"; sourceTree = "<group>"; };
		3B887D5C14CF3CA300BF377F /* en */ = {isa = PBXFileReference; lastKnownFileType = text.plist.strings; name = en; path = en.lproj/InfoPlist.strings; sourceTree = "<group>"; };
		3B887D5E14CF3CA300BF377F /* main.m */ = {isa = PBXFileReference; lastKnownFileType = sourcecode.c.objc; path = main.m; sourceTree = "<group>"; };
		3B887D6014CF3CA300BF377F /* 50 Most Popular Tourist Attractions-Prefix.pch */ = {isa = PBXFileReference; path = "50 Most Popular Tourist Attractions-Prefix.pch"; sourceTree = "<group>"; };
		3B887D6114CF3CA300BF377F /* AppDelegate.h */ = {isa = PBXFileReference; path = AppDelegate.h; sourceTree = "<group>"; };
		3B887D6214CF3CA300BF377F /* AppDelegate.m */ = {isa = PBXFileReference; lastKnownFileType = sourcecode.c.objc; path = AppDelegate.m; sourceTree = "<group>"; };
		3B887D6414CF3CA300BF377F /* ViewController.h */ = {isa = PBXFileReference; path = ViewController.h; sourceTree = "<group>"; };
		3B887D6514CF3CA300BF377F /* ViewController.m */ = {isa = PBXFileReference; lastKnownFileType = sourcecode.c.objc; path = ViewController.m; sourceTree = "<group>"; };
		3B887D6814CF3CA300BF377F /* en */ = {isa = PBXFileReference; lastKnownFileType = file.xib; name = en; path = en.lproj/ViewController_iPhone.xib; sourceTree = "<group>"; };
		3B887D6B14CF3CA300BF377F /* en */ = {isa = PBXFileReference; lastKnownFileType = file.xib; name = en; path = en.lproj/ViewController_iPad.xib; sourceTree = "<group>"; };
/* End PBXFileReference section */

/* Begin PBXFrameworksBuildPhase section */
		3B887D4B14CF3CA300BF377F /* Frameworks */ = {
			isa = PBXFrameworksBuildPhase;
			buildActionMask = 2147483647;
			files = (
				3B887D5314CF3CA300BF377F /* UIKit.framework in Frameworks */,
				3B887D5514CF3CA300BF377F /* Foundation.framework in Frameworks */,
				3B887D5714CF3CA300BF377F /* CoreGraphics.framework in Frameworks */,
			);
			runOnlyForDeploymentPostprocessing = 0;
		};
/* End PBXFrameworksBuildPhase section */

/* Begin PBXGroup section */
		3B887D4314CF3CA300BF377F = {
			isa = PBXGroup;
			children = (
				3B887D5814CF3CA300BF377F /* 50 Most Popular Tourist Attractions */,
				3B887D5114CF3CA300BF377F /* Frameworks */,
				3B887D4F14CF3CA300BF377F /* Products */,
			);
			sourceTree = "<group>";
		};
		3B887D4F14CF3CA300BF377F /* Products */ = {
			isa = PBXGroup;
			children = (
				3B887D4E14CF3CA300BF377F /* 50 Most Popular Tourist Attractions.app */,
			);
			name = Products;
			sourceTree = "<group>";
		};
		3B887D5114CF3CA300BF377F /* Frameworks */ = {
			isa = PBXGroup;
			children = (
				3B887D5214CF3CA300BF377F /* UIKit.framework */,
				3B887D5414CF3CA300BF377F /* Foundation.framework */,
				3B887D5614CF3CA300BF377F /* CoreGraphics.framework */,
			);
			name = Frameworks;
			sourceTree = "<group>";
		};
		3B887D5814CF3CA300BF377F /* 50 Most Popular Tourist Attractions */ = {
			isa = PBXGroup;
			children = (
				3B887D6114CF3CA300BF377F /* AppDelegate.h */,
				3B887D6214CF3CA300BF377F /* AppDelegate.m */,
				3B887D6414CF3CA300BF377F /* ViewController.h */,
				3B887D6514CF3CA300BF377F /* ViewController.m */,
				3B887D6714CF3CA300BF377F /* ViewController_iPhone.xib */,
				3B887D6A14CF3CA300BF377F /* ViewController_iPad.xib */,
				3B887D5914CF3CA300BF377F /* Supporting Files */,
			);
			path = "50 Most Popular Tourist Attractions";
			sourceTree = "<group>";
		};
		3B887D5914CF3CA300BF377F /* Supporting Files */ = {
			isa = PBXGroup;
			children = (
				3B887D5A14CF3CA300BF377F /* 50 Most Popular Tourist Attractions-Info.plist */,
				3B887D5B14CF3CA300BF377F /* InfoPlist.strings */,
				3B887D5E14CF3CA300BF377F /* main.m */,
				3B887D6014CF3CA300BF377F /* 50 Most Popular Tourist Attractions-Prefix.pch */,
			);
			name = "Supporting Files";
			sourceTree = "<group>";
		};
/* End PBXGroup section */

/* Begin PBXNativeTarget section */
		3B887D4D14CF3CA300BF377F /* 50 Most Popular Tourist Attractions */ = {
			isa = PBXNativeTarget;
			buildConfigurationList = 3B887D6F14CF3CA300BF377F /* Build configuration list for PBXNativeTarget "50 Most Popular Tourist Attractions" */;
			buildPhases = (
				3B887D4A14CF3CA300BF377F /* Sources */,
				3B887D4B14CF3CA300BF377F /* Frameworks */,
				3B887D4C14CF3CA300BF377F /* Resources */,
			);
			buildRules = (
			);
			dependencies = (
			);
			name = "50 Most Popular Tourist Attractions";
			productName = "50 Most Popular Tourist Attractions";
			productReference = 3B887D4E14CF3CA300BF377F /* 50 Most Popular Tourist Attractions.app */;
			productType = "com.apple.product-type.application";
		};
/* End PBXNativeTarget section */

/* Begin PBXProject section */
		3B887D4514CF3CA300BF377F /* Project object */ = {
			isa = PBXProject;
			attributes = {
				LastUpgradeCheck = 0420;
				ORGANIZATIONNAME = NVIDIA;
			};
			buildConfigurationList = 3B887D4814CF3CA300BF377F /* Build configuration list for PBXProject "50 Most Popular Tourist Attractions" */;
			compatibilityVersion = "Xcode 3.2";
			developmentRegion = English;
			hasScannedForEncodings = 0;
			knownRegions = (
				en,
			);
			mainGroup = 3B887D4314CF3CA300BF377F;
			productRefGroup = 3B887D4F14CF3CA300BF377F /* Products */;
			projectDirPath = "";
			projectRoot = "";
			targets = (
				3B887D4D14CF3CA300BF377F /* 50 Most Popular Tourist Attractions */,
			);
		};
/* End PBXProject section */

/* Begin PBXResourcesBuildPhase section */
		3B887D4C14CF3CA300BF377F /* Resources */ = {
			isa = PBXResourcesBuildPhase;
			buildActionMask = 2147483647;
			files = (
				3B887D5D14CF3CA300BF377F /* InfoPlist.strings in Resources */,
				3B887D6914CF3CA300BF377F /* ViewController_iPhone.xib in Resources */,
				3B887D6C14CF3CA300BF377F /* ViewController_iPad.xib in Resources */,
			);
			runOnlyForDeploymentPostprocessing = 0;
		};
/* End PBXResourcesBuildPhase section */

/* Begin PBXSourcesBuildPhase section */
		3B887D4A14CF3CA300BF377F /* Sources */ = {
			isa = PBXSourcesBuildPhase;
			buildActionMask = 2147483647;
			files = (
				3B887D5F14CF3CA300BF377F /* main.m in Sources */,
				3B887D6314CF3CA300BF377F /* AppDelegate.m in Sources */,
				3B887D6614CF3CA300BF377F /* ViewController.m in Sources */,
			);
			runOnlyForDeploymentPostprocessing = 0;
		};
/* End PBXSourcesBuildPhase section */

/* Begin PBXVariantGroup section */
		3B887D5B14CF3CA300BF377F /* InfoPlist.strings */ = {
			isa = PBXVariantGroup;
			children = (
				3B887D5C14CF3CA300BF377F /* en */,
			);
			name = InfoPlist.strings;
			sourceTree = "<group>";
		};
		3B887D6714CF3CA300BF377F /* ViewController_iPhone.xib */ = {
			isa = PBXVariantGroup;
			children = (
				3B887D6814CF3CA300BF377F /* en */,
			);
			name = ViewController_iPhone.xib;
			sourceTree = "<group>";
		};
		3B887D6A14CF3CA300BF377F /* ViewController_iPad.xib */ = {
			isa = PBXVariantGroup;
			children = (
				3B887D6B14CF3CA300BF377F /* en */,
			);
			name = ViewController_iPad.xib;
			sourceTree = "<group>";
		};
/* End PBXVariantGroup section */

/* Begin XCBuildConfiguration section */
		3B887D6D14CF3CA300BF377F /* Debug */ = {
			isa = XCBuildConfiguration;
			buildSettings = {
				ALWAYS_SEARCH_USER_PATHS = NO;
				ARCHS = "$(ARCHS_STANDARD_32_BIT)";
				CLANG_ENABLE_OBJC_ARC = YES;
				"CODE_SIGN_IDENTITY[sdk=iphoneos*]" = "iPhone Developer";
				COPY_PHASE_STRIP = NO;
				GCC_C_LANGUAGE_STANDARD = gnu99;
				GCC_DYNAMIC_NO_PIC = NO;
				GCC_OPTIMIZATION_LEVEL = 0;
				GCC_PREPROCESSOR_DEFINITIONS = (
					"DEBUG=1",
					"$(inherited)",
				);
				GCC_SYMBOLS_PRIVATE_EXTERN = NO;
				GCC_VERSION = com.apple.compilers.llvm.clang.1_0;
				GCC_WARN_ABOUT_MISSING_PROTOTYPES = YES;
				GCC_WARN_ABOUT_RETURN_TYPE = YES;
				GCC_WARN_UNUSED_VARIABLE = YES;
				IPHONEOS_DEPLOYMENT_TARGET = 5.0;
				SDKROOT = iphoneos;
				TARGETED_DEVICE_FAMILY = "1,2";
			};
			name = Debug;
		};
		3B887D6E14CF3CA300BF377F /* Release */ = {
			isa = XCBuildConfiguration;
			buildSettings = {
				ALWAYS_SEARCH_USER_PATHS = NO;
				ARCHS = "$(ARCHS_STANDARD_32_BIT)";
				CLANG_ENABLE_OBJC_ARC = YES;
				"CODE_SIGN_IDENTITY[sdk=iphoneos*]" = "iPhone Developer";
				COPY_PHASE_STRIP = YES;
				GCC_C_LANGUAGE_STANDARD = gnu99;
				GCC_VERSION = com.apple.compilers.llvm.clang.1_0;
				GCC_WARN_ABOUT_MISSING_PROTOTYPES = YES;
				GCC_WARN_ABOUT_RETURN_TYPE = YES;
				GCC_WARN_UNUSED_VARIABLE = YES;
				IPHONEOS_DEPLOYMENT_TARGET = 5.0;
				OTHER_CFLAGS = "-DNS_BLOCK_ASSERTIONS=1";
				SDKROOT = iphoneos;
				TARGETED_DEVICE_FAMILY = "1,2";
				VALIDATE_PRODUCT = YES;
			};
			name = Release;
		};
		3B887D7014CF3CA300BF377F /* Debug */ = {
			isa = XCBuildConfiguration;
			buildSettings = {
				GCC_PRECOMPILE_PREFIX_HEADER = YES;
				GCC_PREFIX_HEADER = "50 Most Popular Tourist Attractions/50 Most Popular Tourist Attractions-Prefix.pch";
				INFOPLIST_FILE = "50 Most Popular Tourist Attractions/50 Most Popular Tourist Attractions-Info.plist";
				PRODUCT_NAME = "$(TARGET_NAME)";
				WRAPPER_EXTENSION = app;
			};
			name = Debug;
		};
		3B887D7114CF3CA300BF377F /* Release */ = {
			isa = XCBuildConfiguration;
			buildSettings = {
				GCC_PRECOMPILE_PREFIX_HEADER = YES;
				GCC_PREFIX_HEADER = "50 Most Popular Tourist Attractions/50 Most Popular Tourist Attractions-Prefix.pch";
				INFOPLIST_FILE = "50 Most Popular Tourist Attractions/50 Most Popular Tourist Attractions-Info.plist";
				PRODUCT_NAME = "$(TARGET_NAME)";
				WRAPPER_EXTENSION = app;
			};
			name = Release;
		};
/* End XCBuildConfiguration section */

/* Begin XCConfigurationList section */
		3B887D4814CF3CA300BF377F /* Build configuration list for PBXProject "50 Most Popular Tourist Attractions" */ = {
			isa = XCConfigurationList;
			buildConfigurations = (
				3B887D6D14CF3CA300BF377F /* Debug */,
				3B887D6E14CF3CA300BF377F /* Release */,
			);
			defaultConfigurationIsVisible = 0;
			defaultConfigurationName = Release;
		};
		3B887D6F14CF3CA300BF377F /* Build configuration list for PBXNativeTarget "50 Most Popular Tourist Attractions" */ = {
			isa = XCConfigurationList;
			buildConfigurations = (
				3B887D7014CF3CA300BF377F /* Debug */,
				3B887D7114CF3CA300BF377F /* Release */,
			);
			defaultConfigurationIsVisible = 0;
		};
/* End XCConfigurationList section */
	};
	rootObject = 3B887D4514CF3CA300BF377F /* Project object */;
}
